
Microsoft Visual Studio Solution File, Format Version 12.00
Project("{FAE04EC0-301F-11D3-BF4B-00C04F79EFBC}") = "OpenDataStructuresCsharp", "OpenDataStructuresCsharp\OpenDataStructuresCsharp.csproj", "{1A6679C4-37A0-4552-8D9B-AFAC3621485A}"
EndProject
Global
	GlobalSection(SolutionConfigurationPlatforms) = preSolution
		Debug|Any CPU = Debug|Any CPU
		Release|Any CPU = Release|Any CPU
	EndGlobalSection
	GlobalSection(ProjectConfigurationPlatforms) = postSolution
		{1A6679C4-37A0-4552-8D9B-AFAC3621485A}.Debug|Any CPU.ActiveCfg = Debug|Any CPU
		{1A6679C4-37A0-4552-8D9B-AFAC3621485A}.Debug|Any CPU.Build.0 = Debug|Any CPU
		{1A6679C4-37A0-4552-8D9B-AFAC3621485A}.Release|Any CPU.ActiveCfg = Release|Any CPU
		{1A6679C4-37A0-4552-8D9B-AFAC3621485A}.Release|Any CPU.Build.0 = Release|Any CPU
	EndGlobalSection
EndGlobal
